
Microsoft Visual Studio Solution File, Format Version 12.00
# Visual Studio Version 16
VisualStudioVersion = 16.0.31624.102
MinimumVisualStudioVersion = 10.0.40219.1
Project("{9A19103F-16F7-4668-BE54-9A1E7A4F7556}") = "ErrorTrace", "ErrorTrace\ErrorTrace.csproj", "{17250736-A25B-4D18-A457-C2A90A0B4154}"
EndProject
Project("{9A19103F-16F7-4668-BE54-9A1E7A4F7556}") = "ErrorTrace.XTest", "ErrorTrace.XTest\ErrorTrace.XTest.csproj", "{F034EF53-E551-436E-87DA-515FEAFE5EA6}"
EndProject
Global
	GlobalSection(SolutionConfigurationPlatforms) = preSolution
		Debug|Any CPU = Debug|Any CPU
		Release|Any CPU = Release|Any CPU
	EndGlobalSection
	GlobalSection(ProjectConfigurationPlatforms) = postSolution
		{17250736-A25B-4D18-A457-C2A90A0B4154}.Debug|Any CPU.ActiveCfg = Debug|Any CPU
		{17250736-A25B-4D18-A457-C2A90A0B4154}.Debug|Any CPU.Build.0 = Debug|Any CPU
		{17250736-A25B-4D18-A457-C2A90A0B4154}.Release|Any CPU.ActiveCfg = Release|Any CPU
		{17250736-A25B-4D18-A457-C2A90A0B4154}.Release|Any CPU.Build.0 = Release|Any CPU
		{F034EF53-E551-436E-87DA-515FEAFE5EA6}.Debug|Any CPU.ActiveCfg = Debug|Any CPU
		{F034EF53-E551-436E-87DA-515FEAFE5EA6}.Debug|Any CPU.Build.0 = Debug|Any CPU
		{F034EF53-E551-436E-87DA-515FEAFE5EA6}.Release|Any CPU.ActiveCfg = Release|Any CPU
		{F034EF53-E551-436E-87DA-515FEAFE5EA6}.Release|Any CPU.Build.0 = Release|Any CPU
	EndGlobalSection
	GlobalSection(SolutionProperties) = preSolution
		HideSolutionNode = FALSE
	EndGlobalSection
	GlobalSection(ExtensibilityGlobals) = postSolution
		SolutionGuid = {F1FF8231-AE88-42A2-9D87-61A29D88C954}
	EndGlobalSection
EndGlobal
